
Microsoft Visual Studio Solution File, Format Version 12.00
# Visual Studio Version 16
VisualStudioVersion = 16.0.29806.167
MinimumVisualStudioVersion = 10.0.40219.1
Project("{FAE04EC0-301F-11D3-BF4B-00C04F79EFBC}") = "Excercise", "Excercise\Excercise.csproj", "{CEE53C61-ADD7-46F5-BC39-B9D6C8386581}"
EndProject
Global
	GlobalSection(SolutionConfigurationPlatforms) = preSolution
		Debug|Any CPU = Debug|Any CPU
		Release|Any CPU = Release|Any CPU
	EndGlobalSection
	GlobalSection(ProjectConfigurationPlatforms) = postSolution
		{CEE53C61-ADD7-46F5-BC39-B9D6C8386581}.Debug|Any CPU.ActiveCfg = Debug|Any CPU
		{CEE53C61-ADD7-46F5-BC39-B9D6C8386581}.Debug|Any CPU.Build.0 = Debug|Any CPU
		{CEE53C61-ADD7-46F5-BC39-B9D6C8386581}.Release|Any CPU.ActiveCfg = Release|Any CPU
		{CEE53C61-ADD7-46F5-BC39-B9D6C8386581}.Release|Any CPU.Build.0 = Release|Any CPU
	EndGlobalSection
	GlobalSection(SolutionProperties) = preSolution
		HideSolutionNode = FALSE
	EndGlobalSection
	GlobalSection(ExtensibilityGlobals) = postSolution
		SolutionGuid = {F52E1AFF-BEAF-4243-A2EE-F3DB49638437}
	EndGlobalSection
EndGlobal
